
Microsoft Visual Studio Solution File, Format Version 12.00
# Visual Studio Version 16
VisualStudioVersion = 16.0.30128.74
MinimumVisualStudioVersion = 10.0.40219.1
Project("{FAE04EC0-301F-11D3-BF4B-00C04F79EFBC}") = "QuizProject.Web", "QuizProject.Web\QuizProject.Web.csproj", "{C69DAE6E-6C7D-4970-AD7F-9BCA71ECF10A}"
EndProject
Project("{2150E333-8FDC-42A3-9474-1A3956D46DE8}") = "Solution Items", "Solution Items", "{253240CF-E557-46C2-9B85-E3ED6B2B5052}"
	ProjectSection(SolutionItems) = preProject
		README.md = README.md
	EndProjectSection
EndProject
Global
	GlobalSection(SolutionConfigurationPlatforms) = preSolution
		Debug|Any CPU = Debug|Any CPU
		Release|Any CPU = Release|Any CPU
	EndGlobalSection
	GlobalSection(ProjectConfigurationPlatforms) = postSolution
		{C69DAE6E-6C7D-4970-AD7F-9BCA71ECF10A}.Debug|Any CPU.ActiveCfg = Debug|Any CPU
		{C69DAE6E-6C7D-4970-AD7F-9BCA71ECF10A}.Debug|Any CPU.Build.0 = Debug|Any CPU
		{C69DAE6E-6C7D-4970-AD7F-9BCA71ECF10A}.Release|Any CPU.ActiveCfg = Release|Any CPU
		{C69DAE6E-6C7D-4970-AD7F-9BCA71ECF10A}.Release|Any CPU.Build.0 = Release|Any CPU
	EndGlobalSection
	GlobalSection(SolutionProperties) = preSolution
		HideSolutionNode = FALSE
	EndGlobalSection
	GlobalSection(ExtensibilityGlobals) = postSolution
		SolutionGuid = {B01A102D-B290-4073-AE23-D2D3A69965CE}
	EndGlobalSection
EndGlobal
